// !$*UTF8*$!
{
	archiveVersion = 1;
	classes = {
	};
	objectVersion = 46;
	objects = {

/* Begin PBXBuildFile section */
		3B34391299F5066219FC6187 /* libPods.a in Frameworks */ = {isa = PBXBuildFile; fileRef = 2459D5D3371CB3A9225F76D9 /* libPods.a */; };
		C706A7EB1CF5FA1B007B0F90 /* AppDelegate.swift in Sources */ = {isa = PBXBuildFile; fileRef = C706A7EA1CF5FA1B007B0F90 /* AppDelegate.swift */; };
		C706A7ED1CF5FA1C007B0F90 /* Assets.xcassets in Resources */ = {isa = PBXBuildFile; fileRef = C706A7EC1CF5FA1C007B0F90 /* Assets.xcassets */; };
		C706A7F01CF5FA1C007B0F90 /* LaunchScreen.storyboard in Resources */ = {isa = PBXBuildFile; fileRef = C706A7EE1CF5FA1C007B0F90 /* LaunchScreen.storyboard */; };
		C706A7FD1CF5FC26007B0F90 /* FeedViewController.swift in Sources */ = {isa = PBXBuildFile; fileRef = C706A7FB1CF5FC26007B0F90 /* FeedViewController.swift */; };
		C706A7FE1CF5FC26007B0F90 /* FeedViewController.xib in Resources */ = {isa = PBXBuildFile; fileRef = C706A7FC1CF5FC26007B0F90 /* FeedViewController.xib */; };
		C706A8021CF60051007B0F90 /* CellUser.swift in Sources */ = {isa = PBXBuildFile; fileRef = C706A8001CF60051007B0F90 /* CellUser.swift */; };
		C706A8031CF60051007B0F90 /* CellUser.xib in Resources */ = {isa = PBXBuildFile; fileRef = C706A8011CF60051007B0F90 /* CellUser.xib */; };
		C706A80F1CF60E67007B0F90 /* user@2x.png in Resources */ = {isa = PBXBuildFile; fileRef = C706A80D1CF60E67007B0F90 /* user@2x.png */; };
		C706A8101CF60E67007B0F90 /* user@3x.png in Resources */ = {isa = PBXBuildFile; fileRef = C706A80E1CF60E67007B0F90 /* user@3x.png */; };
		C706A8131CF620F4007B0F90 /* CellDataRun.swift in Sources */ = {isa = PBXBuildFile; fileRef = C706A8111CF620F4007B0F90 /* CellDataRun.swift */; };
		C706A8141CF620F4007B0F90 /* CellDataRun.xib in Resources */ = {isa = PBXBuildFile; fileRef = C706A8121CF620F4007B0F90 /* CellDataRun.xib */; };
		C706A8171CF62631007B0F90 /* CellMap.swift in Sources */ = {isa = PBXBuildFile; fileRef = C706A8151CF62631007B0F90 /* CellMap.swift */; };
		C706A8181CF62631007B0F90 /* CellMap.xib in Resources */ = {isa = PBXBuildFile; fileRef = C706A8161CF62631007B0F90 /* CellMap.xib */; };
		C725013D1CF9975B004CA2E6 /* modelosCoreData.xcdatamodeld in Sources */ = {isa = PBXBuildFile; fileRef = C725013B1CF9975B004CA2E6 /* modelosCoreData.xcdatamodeld */; };
		C72501481CF99F8A004CA2E6 /* Comentario+CoreDataProperties.swift in Sources */ = {isa = PBXBuildFile; fileRef = C725013E1CF99F8A004CA2E6 /* Comentario+CoreDataProperties.swift */; };
		C72501491CF99F8A004CA2E6 /* Comentario.swift in Sources */ = {isa = PBXBuildFile; fileRef = C725013F1CF99F8A004CA2E6 /* Comentario.swift */; };
		C725014A1CF99F8A004CA2E6 /* ImgRun+CoreDataProperties.swift in Sources */ = {isa = PBXBuildFile; fileRef = C72501401CF99F8A004CA2E6 /* ImgRun+CoreDataProperties.swift */; };
		C725014B1CF99F8A004CA2E6 /* ImgRun.swift in Sources */ = {isa = PBXBuildFile; fileRef = C72501411CF99F8A004CA2E6 /* ImgRun.swift */; };
		C725014C1CF99F8A004CA2E6 /* User+CoreDataProperties.swift in Sources */ = {isa = PBXBuildFile; fileRef = C72501421CF99F8A004CA2E6 /* User+CoreDataProperties.swift */; };
		C725014D1CF99F8A004CA2E6 /* User.swift in Sources */ = {isa = PBXBuildFile; fileRef = C72501431CF99F8A004CA2E6 /* User.swift */; };
		C725014E1CF99F8A004CA2E6 /* Run+CoreDataProperties.swift in Sources */ = {isa = PBXBuildFile; fileRef = C72501441CF99F8A004CA2E6 /* Run+CoreDataProperties.swift */; };
		C725014F1CF99F8A004CA2E6 /* Run.swift in Sources */ = {isa = PBXBuildFile; fileRef = C72501451CF99F8A004CA2E6 /* Run.swift */; };
		C72501501CF99F8A004CA2E6 /* ImgUser+CoreDataProperties.swift in Sources */ = {isa = PBXBuildFile; fileRef = C72501461CF99F8A004CA2E6 /* ImgUser+CoreDataProperties.swift */; };
		C72501511CF99F8A004CA2E6 /* ImgUser.swift in Sources */ = {isa = PBXBuildFile; fileRef = C72501471CF99F8A004CA2E6 /* ImgUser.swift */; };
		C72501551CF9A504004CA2E6 /* AGTSimpleCoreDataStack.m in Sources */ = {isa = PBXBuildFile; fileRef = C72501541CF9A504004CA2E6 /* AGTSimpleCoreDataStack.m */; };
		C725015D1CF9A628004CA2E6 /* dateExtension.swift in Sources */ = {isa = PBXBuildFile; fileRef = C72501571CF9A628004CA2E6 /* dateExtension.swift */; };
		C725015E1CF9A628004CA2E6 /* extensionColor.swift in Sources */ = {isa = PBXBuildFile; fileRef = C72501581CF9A628004CA2E6 /* extensionColor.swift */; };
		C725015F1CF9A628004CA2E6 /* imageExtension.swift in Sources */ = {isa = PBXBuildFile; fileRef = C72501591CF9A628004CA2E6 /* imageExtension.swift */; };
		C72501601CF9A628004CA2E6 /* extensionImageView.swift in Sources */ = {isa = PBXBuildFile; fileRef = C725015A1CF9A628004CA2E6 /* extensionImageView.swift */; };
		C72501611CF9A628004CA2E6 /* deviceExtension.swift in Sources */ = {isa = PBXBuildFile; fileRef = C725015B1CF9A628004CA2E6 /* deviceExtension.swift */; };
		C72501621CF9A628004CA2E6 /* Reachability.swift in Sources */ = {isa = PBXBuildFile; fileRef = C725015C1CF9A628004CA2E6 /* Reachability.swift */; };
		C72501641CF9A7FA004CA2E6 /* Enums.swift in Sources */ = {isa = PBXBuildFile; fileRef = C72501631CF9A7FA004CA2E6 /* Enums.swift */; };
		C7364B811CFA387600715EDA /* up@2x.png in Resources */ = {isa = PBXBuildFile; fileRef = C7364B7F1CFA387600715EDA /* up@2x.png */; };
		C7364B821CFA387600715EDA /* up@3x.png in Resources */ = {isa = PBXBuildFile; fileRef = C7364B801CFA387600715EDA /* up@3x.png */; };
		C7CD8B3E1CFF9ECA0033E73A /* CellCommentEmpty.swift in Sources */ = {isa = PBXBuildFile; fileRef = C7CD8B3C1CFF9ECA0033E73A /* CellCommentEmpty.swift */; };
		C7CD8B3F1CFF9ECA0033E73A /* CellCommentEmpty.xib in Resources */ = {isa = PBXBuildFile; fileRef = C7CD8B3D1CFF9ECA0033E73A /* CellCommentEmpty.xib */; };
		C7CD8B411CFFB7860033E73A /* extensionDouble.swift in Sources */ = {isa = PBXBuildFile; fileRef = C7CD8B401CFFB7860033E73A /* extensionDouble.swift */; };
		C7FDA98B1CF62C4C00005794 /* settings.swift in Sources */ = {isa = PBXBuildFile; fileRef = C7FDA98A1CF62C4C00005794 /* settings.swift */; };
		C7FDA98E1CF6331A00005794 /* CellLike.swift in Sources */ = {isa = PBXBuildFile; fileRef = C7FDA98C1CF6331A00005794 /* CellLike.swift */; };
		C7FDA98F1CF6331A00005794 /* CellLike.xib in Resources */ = {isa = PBXBuildFile; fileRef = C7FDA98D1CF6331A00005794 /* CellLike.xib */; };
		C7FDA9931CF6363E00005794 /* like@2x.png in Resources */ = {isa = PBXBuildFile; fileRef = C7FDA9911CF6363E00005794 /* like@2x.png */; };
		C7FDA9941CF6363E00005794 /* like@3x.png in Resources */ = {isa = PBXBuildFile; fileRef = C7FDA9921CF6363E00005794 /* like@3x.png */; };
		C7FDA9971CF6375700005794 /* chat@2x.png in Resources */ = {isa = PBXBuildFile; fileRef = C7FDA9951CF6375700005794 /* chat@2x.png */; };
		C7FDA9981CF6375700005794 /* chat@3x.png in Resources */ = {isa = PBXBuildFile; fileRef = C7FDA9961CF6375700005794 /* chat@3x.png */; };
		C7FDA99B1CF63A1E00005794 /* CellComment.swift in Sources */ = {isa = PBXBuildFile; fileRef = C7FDA9991CF63A1E00005794 /* CellComment.swift */; };
		C7FDA99C1CF63A1E00005794 /* CellComment.xib in Resources */ = {isa = PBXBuildFile; fileRef = C7FDA99A1CF63A1E00005794 /* CellComment.xib */; };
		C7FDA99F1CF6490000005794 /* api.swift in Sources */ = {isa = PBXBuildFile; fileRef = C7FDA99E1CF6490000005794 /* api.swift */; };
/* End PBXBuildFile section */

/* Begin PBXFileReference section */
		2459D5D3371CB3A9225F76D9 /* libPods.a */ = {isa = PBXFileReference; explicitFileType = archive.ar; includeInIndex = 0; path = libPods.a; sourceTree = BUILT_PRODUCTS_DIR; };
		8736F2013544A84CF5E96808 /* Pods.release.xcconfig */ = {isa = PBXFileReference; includeInIndex = 1; lastKnownFileType = text.xcconfig; name = Pods.release.xcconfig; path = "Pods/Target Support Files/Pods/Pods.release.xcconfig"; sourceTree = "<group>"; };
		C706A7E71CF5FA1B007B0F90 /* Runsfeed.app */ = {isa = PBXFileReference; explicitFileType = wrapper.application; includeInIndex = 0; path = Runsfeed.app; sourceTree = BUILT_PRODUCTS_DIR; };
		C706A7EA1CF5FA1B007B0F90 /* AppDelegate.swift */ = {isa = PBXFileReference; lastKnownFileType = sourcecode.swift; path = AppDelegate.swift; sourceTree = "<group>"; };
		C706A7EC1CF5FA1C007B0F90 /* Assets.xcassets */ = {isa = PBXFileReference; lastKnownFileType = folder.assetcatalog; path = Assets.xcassets; sourceTree = "<group>"; };
		C706A7EF1CF5FA1C007B0F90 /* Base */ = {isa = PBXFileReference; lastKnownFileType = file.storyboard; name = Base; path = Base.lproj/LaunchScreen.storyboard; sourceTree = "<group>"; };
		C706A7F11CF5FA1C007B0F90 /* Info.plist */ = {isa = PBXFileReference; lastKnownFileType = text.plist.xml; path = Info.plist; sourceTree = "<group>"; };
		C706A7FB1CF5FC26007B0F90 /* FeedViewController.swift */ = {isa = PBXFileReference; fileEncoding = 4; lastKnownFileType = sourcecode.swift; path = FeedViewController.swift; sourceTree = "<group>"; };
		C706A7FC1CF5FC26007B0F90 /* FeedViewController.xib */ = {isa = PBXFileReference; fileEncoding = 4; lastKnownFileType = file.xib; path = FeedViewController.xib; sourceTree = "<group>"; };
		C706A8001CF60051007B0F90 /* CellUser.swift */ = {isa = PBXFileReference; fileEncoding = 4; lastKnownFileType = sourcecode.swift; path = CellUser.swift; sourceTree = "<group>"; };
		C706A8011CF60051007B0F90 /* CellUser.xib */ = {isa = PBXFileReference; fileEncoding = 4; lastKnownFileType = file.xib; path = CellUser.xib; sourceTree = "<group>"; };
		C706A80D1CF60E67007B0F90 /* user@2x.png */ = {isa = PBXFileReference; lastKnownFileType = image.png; path = "user@2x.png"; sourceTree = "<group>"; };
		C706A80E1CF60E67007B0F90 /* user@3x.png */ = {isa = PBXFileReference; lastKnownFileType = image.png; path = "user@3x.png"; sourceTree = "<group>"; };
		C706A8111CF620F4007B0F90 /* CellDataRun.swift */ = {isa = PBXFileReference; fileEncoding = 4; lastKnownFileType = sourcecode.swift; path = CellDataRun.swift; sourceTree = "<group>"; };
		C706A8121CF620F4007B0F90 /* CellDataRun.xib */ = {isa = PBXFileReference; fileEncoding = 4; lastKnownFileType = file.xib; path = CellDataRun.xib; sourceTree = "<group>"; };
		C706A8151CF62631007B0F90 /* CellMap.swift */ = {isa = PBXFileReference; fileEncoding = 4; lastKnownFileType = sourcecode.swift; path = CellMap.swift; sourceTree = "<group>"; };
		C706A8161CF62631007B0F90 /* CellMap.xib */ = {isa = PBXFileReference; fileEncoding = 4; lastKnownFileType = file.xib; path = CellMap.xib; sourceTree = "<group>"; };
		C725013C1CF9975B004CA2E6 /* modelosCoreData.xcdatamodel */ = {isa = PBXFileReference; lastKnownFileType = wrapper.xcdatamodel; path = modelosCoreData.xcdatamodel; sourceTree = "<group>"; };
		C725013E1CF99F8A004CA2E6 /* Comentario+CoreDataProperties.swift */ = {isa = PBXFileReference; fileEncoding = 4; lastKnownFileType = sourcecode.swift; path = "Comentario+CoreDataProperties.swift"; sourceTree = "<group>"; };
		C725013F1CF99F8A004CA2E6 /* Comentario.swift */ = {isa = PBXFileReference; fileEncoding = 4; lastKnownFileType = sourcecode.swift; path = Comentario.swift; sourceTree = "<group>"; };
		C72501401CF99F8A004CA2E6 /* ImgRun+CoreDataProperties.swift */ = {isa = PBXFileReference; fileEncoding = 4; lastKnownFileType = sourcecode.swift; path = "ImgRun+CoreDataProperties.swift"; sourceTree = "<group>"; };
		C72501411CF99F8A004CA2E6 /* ImgRun.swift */ = {isa = PBXFileReference; fileEncoding = 4; lastKnownFileType = sourcecode.swift; path = ImgRun.swift; sourceTree = "<group>"; };
		C72501421CF99F8A004CA2E6 /* User+CoreDataProperties.swift */ = {isa = PBXFileReference; fileEncoding = 4; lastKnownFileType = sourcecode.swift; path = "User+CoreDataProperties.swift"; sourceTree = "<group>"; };
		C72501431CF99F8A004CA2E6 /* User.swift */ = {isa = PBXFileReference; fileEncoding = 4; lastKnownFileType = sourcecode.swift; path = User.swift; sourceTree = "<group>"; };
		C72501441CF99F8A004CA2E6 /* Run+CoreDataProperties.swift */ = {isa = PBXFileReference; fileEncoding = 4; lastKnownFileType = sourcecode.swift; path = "Run+CoreDataProperties.swift"; sourceTree = "<group>"; };
		C72501451CF99F8A004CA2E6 /* Run.swift */ = {isa = PBXFileReference; fileEncoding = 4; lastKnownFileType = sourcecode.swift; path = Run.swift; sourceTree = "<group>"; };
		C72501461CF99F8A004CA2E6 /* ImgUser+CoreDataProperties.swift */ = {isa = PBXFileReference; fileEncoding = 4; lastKnownFileType = sourcecode.swift; path = "ImgUser+CoreDataProperties.swift"; sourceTree = "<group>"; };
		C72501471CF99F8A004CA2E6 /* ImgUser.swift */ = {isa = PBXFileReference; fileEncoding = 4; lastKnownFileType = sourcecode.swift; path = ImgUser.swift; sourceTree = "<group>"; };
		C72501521CF9A503004CA2E6 /* Runsfeed-Bridging-Header.h */ = {isa = PBXFileReference; lastKnownFileType = sourcecode.c.h; path = "Runsfeed-Bridging-Header.h"; sourceTree = "<group>"; };
		C72501531CF9A504004CA2E6 /* AGTSimpleCoreDataStack.h */ = {isa = PBXFileReference; fileEncoding = 4; lastKnownFileType = sourcecode.c.h; path = AGTSimpleCoreDataStack.h; sourceTree = "<group>"; };
		C72501541CF9A504004CA2E6 /* AGTSimpleCoreDataStack.m */ = {isa = PBXFileReference; fileEncoding = 4; lastKnownFileType = sourcecode.c.objc; path = AGTSimpleCoreDataStack.m; sourceTree = "<group>"; };
		C72501571CF9A628004CA2E6 /* dateExtension.swift */ = {isa = PBXFileReference; fileEncoding = 4; lastKnownFileType = sourcecode.swift; path = dateExtension.swift; sourceTree = "<group>"; };
		C72501581CF9A628004CA2E6 /* extensionColor.swift */ = {isa = PBXFileReference; fileEncoding = 4; lastKnownFileType = sourcecode.swift; path = extensionColor.swift; sourceTree = "<group>"; };
		C72501591CF9A628004CA2E6 /* imageExtension.swift */ = {isa = PBXFileReference; fileEncoding = 4; lastKnownFileType = sourcecode.swift; path = imageExtension.swift; sourceTree = "<group>"; };
		C725015A1CF9A628004CA2E6 /* extensionImageView.swift */ = {isa = PBXFileReference; fileEncoding = 4; lastKnownFileType = sourcecode.swift; path = extensionImageView.swift; sourceTree = "<group>"; };
		C725015B1CF9A628004CA2E6 /* deviceExtension.swift */ = {isa = PBXFileReference; fileEncoding = 4; lastKnownFileType = sourcecode.swift; path = deviceExtension.swift; sourceTree = "<group>"; };
		C725015C1CF9A628004CA2E6 /* Reachability.swift */ = {isa = PBXFileReference; fileEncoding = 4; lastKnownFileType = sourcecode.swift; path = Reachability.swift; sourceTree = "<group>"; };
		C72501631CF9A7FA004CA2E6 /* Enums.swift */ = {isa = PBXFileReference; fileEncoding = 4; lastKnownFileType = sourcecode.swift; path = Enums.swift; sourceTree = "<group>"; };
		C7364B7F1CFA387600715EDA /* up@2x.png */ = {isa = PBXFileReference; lastKnownFileType = image.png; path = "up@2x.png"; sourceTree = "<group>"; };
		C7364B801CFA387600715EDA /* up@3x.png */ = {isa = PBXFileReference; lastKnownFileType = image.png; path = "up@3x.png"; sourceTree = "<group>"; };
		C7CD8B3C1CFF9ECA0033E73A /* CellCommentEmpty.swift */ = {isa = PBXFileReference; fileEncoding = 4; lastKnownFileType = sourcecode.swift; path = CellCommentEmpty.swift; sourceTree = "<group>"; };
		C7CD8B3D1CFF9ECA0033E73A /* CellCommentEmpty.xib */ = {isa = PBXFileReference; fileEncoding = 4; lastKnownFileType = file.xib; path = CellCommentEmpty.xib; sourceTree = "<group>"; };
		C7CD8B401CFFB7860033E73A /* extensionDouble.swift */ = {isa = PBXFileReference; fileEncoding = 4; lastKnownFileType = sourcecode.swift; path = extensionDouble.swift; sourceTree = "<group>"; };
		C7FDA98A1CF62C4C00005794 /* settings.swift */ = {isa = PBXFileReference; fileEncoding = 4; lastKnownFileType = sourcecode.swift; path = settings.swift; sourceTree = "<group>"; };
		C7FDA98C1CF6331A00005794 /* CellLike.swift */ = {isa = PBXFileReference; fileEncoding = 4; lastKnownFileType = sourcecode.swift; path = CellLike.swift; sourceTree = "<group>"; };
		C7FDA98D1CF6331A00005794 /* CellLike.xib */ = {isa = PBXFileReference; fileEncoding = 4; lastKnownFileType = file.xib; path = CellLike.xib; sourceTree = "<group>"; };
		C7FDA9911CF6363E00005794 /* like@2x.png */ = {isa = PBXFileReference; lastKnownFileType = image.png; path = "like@2x.png"; sourceTree = "<group>"; };
		C7FDA9921CF6363E00005794 /* like@3x.png */ = {isa = PBXFileReference; lastKnownFileType = image.png; path = "like@3x.png"; sourceTree = "<group>"; };
		C7FDA9951CF6375700005794 /* chat@2x.png */ = {isa = PBXFileReference; lastKnownFileType = image.png; path = "chat@2x.png"; sourceTree = "<group>"; };
		C7FDA9961CF6375700005794 /* chat@3x.png */ = {isa = PBXFileReference; lastKnownFileType = image.png; path = "chat@3x.png"; sourceTree = "<group>"; };
		C7FDA9991CF63A1E00005794 /* CellComment.swift */ = {isa = PBXFileReference; fileEncoding = 4; lastKnownFileType = sourcecode.swift; path = CellComment.swift; sourceTree = "<group>"; };
		C7FDA99A1CF63A1E00005794 /* CellComment.xib */ = {isa = PBXFileReference; fileEncoding = 4; lastKnownFileType = file.xib; path = CellComment.xib; sourceTree = "<group>"; };
		C7FDA99E1CF6490000005794 /* api.swift */ = {isa = PBXFileReference; fileEncoding = 4; lastKnownFileType = sourcecode.swift; path = api.swift; sourceTree = "<group>"; };
		DA4B1A99C2AD4FB2A832C0E6 /* Pods.debug.xcconfig */ = {isa = PBXFileReference; includeInIndex = 1; lastKnownFileType = text.xcconfig; name = Pods.debug.xcconfig; path = "Pods/Target Support Files/Pods/Pods.debug.xcconfig"; sourceTree = "<group>"; };
/* End PBXFileReference section */

/* Begin PBXFrameworksBuildPhase section */
		C706A7E41CF5FA1B007B0F90 /* Frameworks */ = {
			isa = PBXFrameworksBuildPhase;
			buildActionMask = 2147483647;
			files = (
				3B34391299F5066219FC6187 /* libPods.a in Frameworks */,
			);
			runOnlyForDeploymentPostprocessing = 0;
		};
/* End PBXFrameworksBuildPhase section */

/* Begin PBXGroup section */
		3E291C80B8E5E2A27CD0F56E /* Pods */ = {
			isa = PBXGroup;
			children = (
				DA4B1A99C2AD4FB2A832C0E6 /* Pods.debug.xcconfig */,
				8736F2013544A84CF5E96808 /* Pods.release.xcconfig */,
			);
			name = Pods;
			sourceTree = "<group>";
		};
		96B9569E8F194FB74ADDBB2C /* Frameworks */ = {
			isa = PBXGroup;
			children = (
				2459D5D3371CB3A9225F76D9 /* libPods.a */,
			);
			name = Frameworks;
			sourceTree = "<group>";
		};
		C706A7DE1CF5FA1B007B0F90 = {
			isa = PBXGroup;
			children = (
				C706A7E91CF5FA1B007B0F90 /* Runsfeed */,
				C706A7E81CF5FA1B007B0F90 /* Products */,
				3E291C80B8E5E2A27CD0F56E /* Pods */,
				96B9569E8F194FB74ADDBB2C /* Frameworks */,
			);
			sourceTree = "<group>";
		};
		C706A7E81CF5FA1B007B0F90 /* Products */ = {
			isa = PBXGroup;
			children = (
				C706A7E71CF5FA1B007B0F90 /* Runsfeed.app */,
			);
			name = Products;
			sourceTree = "<group>";
		};
		C706A7E91CF5FA1B007B0F90 /* Runsfeed */ = {
			isa = PBXGroup;
			children = (
				C72501561CF9A565004CA2E6 /* extensions and setup */,
				C7FDA99D1CF648EA00005794 /* api */,
				C706A7FF1CF60036007B0F90 /* cells */,
				C706A7FA1CF5FB66007B0F90 /* controllers */,
				C706A7F91CF5FB56007B0F90 /* resources */,
				C706A7F81CF5FB4F007B0F90 /* coredata */,
				C706A7EA1CF5FA1B007B0F90 /* AppDelegate.swift */,
				C706A7EC1CF5FA1C007B0F90 /* Assets.xcassets */,
				C706A7EE1CF5FA1C007B0F90 /* LaunchScreen.storyboard */,
				C706A7F11CF5FA1C007B0F90 /* Info.plist */,
			);
			path = Runsfeed;
			sourceTree = "<group>";
		};
		C706A7F81CF5FB4F007B0F90 /* coredata */ = {
			isa = PBXGroup;
			children = (
				C725013E1CF99F8A004CA2E6 /* Comentario+CoreDataProperties.swift */,
				C725013F1CF99F8A004CA2E6 /* Comentario.swift */,
				C72501401CF99F8A004CA2E6 /* ImgRun+CoreDataProperties.swift */,
				C72501411CF99F8A004CA2E6 /* ImgRun.swift */,
				C72501421CF99F8A004CA2E6 /* User+CoreDataProperties.swift */,
				C72501431CF99F8A004CA2E6 /* User.swift */,
				C72501441CF99F8A004CA2E6 /* Run+CoreDataProperties.swift */,
				C72501451CF99F8A004CA2E6 /* Run.swift */,
				C72501461CF99F8A004CA2E6 /* ImgUser+CoreDataProperties.swift */,
				C72501471CF99F8A004CA2E6 /* ImgUser.swift */,
				C725013B1CF9975B004CA2E6 /* modelosCoreData.xcdatamodeld */,
				C72501531CF9A504004CA2E6 /* AGTSimpleCoreDataStack.h */,
				C72501541CF9A504004CA2E6 /* AGTSimpleCoreDataStack.m */,
				C72501521CF9A503004CA2E6 /* Runsfeed-Bridging-Header.h */,
			);
			name = coredata;
			sourceTree = "<group>";
		};
		C706A7F91CF5FB56007B0F90 /* resources */ = {
			isa = PBXGroup;
			children = (
				C7FDA9901CF6362F00005794 /* icons */,
				C706A8041CF60C54007B0F90 /* default */,
			);
			name = resources;
			sourceTree = "<group>";
		};
		C706A7FA1CF5FB66007B0F90 /* controllers */ = {
			isa = PBXGroup;
			children = (
				C706A7FB1CF5FC26007B0F90 /* FeedViewController.swift */,
				C706A7FC1CF5FC26007B0F90 /* FeedViewController.xib */,
			);
			name = controllers;
			sourceTree = "<group>";
		};
		C706A7FF1CF60036007B0F90 /* cells */ = {
			isa = PBXGroup;
			children = (
				C706A8001CF60051007B0F90 /* CellUser.swift */,
				C706A8011CF60051007B0F90 /* CellUser.xib */,
				C706A8111CF620F4007B0F90 /* CellDataRun.swift */,
				C706A8121CF620F4007B0F90 /* CellDataRun.xib */,
				C706A8151CF62631007B0F90 /* CellMap.swift */,
				C706A8161CF62631007B0F90 /* CellMap.xib */,
				C7FDA98C1CF6331A00005794 /* CellLike.swift */,
				C7FDA98D1CF6331A00005794 /* CellLike.xib */,
				C7FDA9991CF63A1E00005794 /* CellComment.swift */,
				C7FDA99A1CF63A1E00005794 /* CellComment.xib */,
				C7CD8B3C1CFF9ECA0033E73A /* CellCommentEmpty.swift */,
				C7CD8B3D1CFF9ECA0033E73A /* CellCommentEmpty.xib */,
			);
			name = cells;
			sourceTree = "<group>";
		};
		C706A8041CF60C54007B0F90 /* default */ = {
			isa = PBXGroup;
			children = (
				C706A80D1CF60E67007B0F90 /* user@2x.png */,
				C706A80E1CF60E67007B0F90 /* user@3x.png */,
			);
			name = default;
			sourceTree = "<group>";
		};
		C72501561CF9A565004CA2E6 /* extensions and setup */ = {
			isa = PBXGroup;
			children = (
				C7FDA98A1CF62C4C00005794 /* settings.swift */,
				C72501571CF9A628004CA2E6 /* dateExtension.swift */,
				C72501581CF9A628004CA2E6 /* extensionColor.swift */,
				C72501591CF9A628004CA2E6 /* imageExtension.swift */,
				C725015A1CF9A628004CA2E6 /* extensionImageView.swift */,
				C725015B1CF9A628004CA2E6 /* deviceExtension.swift */,
				C725015C1CF9A628004CA2E6 /* Reachability.swift */,
				C72501631CF9A7FA004CA2E6 /* Enums.swift */,
				C7CD8B401CFFB7860033E73A /* extensionDouble.swift */,
			);
			name = "extensions and setup";
			sourceTree = "<group>";
		};
		C7FDA9901CF6362F00005794 /* icons */ = {
			isa = PBXGroup;
			children = (
				C7FDA9911CF6363E00005794 /* like@2x.png */,
				C7FDA9921CF6363E00005794 /* like@3x.png */,
				C7FDA9951CF6375700005794 /* chat@2x.png */,
				C7364B7F1CFA387600715EDA /* up@2x.png */,
				C7364B801CFA387600715EDA /* up@3x.png */,
				C7FDA9961CF6375700005794 /* chat@3x.png */,
			);
			name = icons;
			sourceTree = "<group>";
		};
		C7FDA99D1CF648EA00005794 /* api */ = {
			isa = PBXGroup;
			children = (
				C7FDA99E1CF6490000005794 /* api.swift */,
			);
			name = api;
			sourceTree = "<group>";
		};
/* End PBXGroup section */

/* Begin PBXNativeTarget section */
		C706A7E61CF5FA1B007B0F90 /* Runsfeed */ = {
			isa = PBXNativeTarget;
			buildConfigurationList = C706A7F41CF5FA1C007B0F90 /* Build configuration list for PBXNativeTarget "Runsfeed" */;
			buildPhases = (
				DB79B459F49EC47493B0D374 /* Check Pods Manifest.lock */,
				C706A7E31CF5FA1B007B0F90 /* Sources */,
				C706A7E41CF5FA1B007B0F90 /* Frameworks */,
				C706A7E51CF5FA1B007B0F90 /* Resources */,
				AD9B12BFB45E8AAD2566149F /* Copy Pods Resources */,
			);
			buildRules = (
			);
			dependencies = (
			);
			name = Runsfeed;
			productName = Runsfeed;
			productReference = C706A7E71CF5FA1B007B0F90 /* Runsfeed.app */;
			productType = "com.apple.product-type.application";
		};
/* End PBXNativeTarget section */

/* Begin PBXProject section */
		C706A7DF1CF5FA1B007B0F90 /* Project object */ = {
			isa = PBXProject;
			attributes = {
				LastSwiftUpdateCheck = 0730;
				LastUpgradeCheck = 0730;
				ORGANIZATIONNAME = runator.com;
				TargetAttributes = {
					C706A7E61CF5FA1B007B0F90 = {
						CreatedOnToolsVersion = 7.3;
						DevelopmentTeam = 4QU3M88926;
					};
				};
			};
			buildConfigurationList = C706A7E21CF5FA1B007B0F90 /* Build configuration list for PBXProject "Runsfeed" */;
			compatibilityVersion = "Xcode 3.2";
			developmentRegion = English;
			hasScannedForEncodings = 0;
			knownRegions = (
				en,
				Base,
			);
			mainGroup = C706A7DE1CF5FA1B007B0F90;
			productRefGroup = C706A7E81CF5FA1B007B0F90 /* Products */;
			projectDirPath = "";
			projectRoot = "";
			targets = (
				C706A7E61CF5FA1B007B0F90 /* Runsfeed */,
			);
		};
/* End PBXProject section */

/* Begin PBXResourcesBuildPhase section */
		C706A7E51CF5FA1B007B0F90 /* Resources */ = {
			isa = PBXResourcesBuildPhase;
			buildActionMask = 2147483647;
			files = (
				C7CD8B3F1CFF9ECA0033E73A /* CellCommentEmpty.xib in Resources */,
				C7FDA9941CF6363E00005794 /* like@3x.png in Resources */,
				C706A8101CF60E67007B0F90 /* user@3x.png in Resources */,
				C706A8031CF60051007B0F90 /* CellUser.xib in Resources */,
				C7364B811CFA387600715EDA /* up@2x.png in Resources */,
				C706A8181CF62631007B0F90 /* CellMap.xib in Resources */,
				C7FDA9971CF6375700005794 /* chat@2x.png in Resources */,
				C7FDA99C1CF63A1E00005794 /* CellComment.xib in Resources */,
				C706A7ED1CF5FA1C007B0F90 /* Assets.xcassets in Resources */,
				C706A80F1CF60E67007B0F90 /* user@2x.png in Resources */,
				C706A7FE1CF5FC26007B0F90 /* FeedViewController.xib in Resources */,
				C706A7F01CF5FA1C007B0F90 /* LaunchScreen.storyboard in Resources */,
				C7FDA9981CF6375700005794 /* chat@3x.png in Resources */,
				C7364B821CFA387600715EDA /* up@3x.png in Resources */,
				C7FDA98F1CF6331A00005794 /* CellLike.xib in Resources */,
				C706A8141CF620F4007B0F90 /* CellDataRun.xib in Resources */,
				C7FDA9931CF6363E00005794 /* like@2x.png in Resources */,
			);
			runOnlyForDeploymentPostprocessing = 0;
		};
/* End PBXResourcesBuildPhase section */

/* Begin PBXShellScriptBuildPhase section */
		AD9B12BFB45E8AAD2566149F /* Copy Pods Resources */ = {
			isa = PBXShellScriptBuildPhase;
			buildActionMask = 2147483647;
			files = (
			);
			inputPaths = (
			);
			name = "Copy Pods Resources";
			outputPaths = (
			);
			runOnlyForDeploymentPostprocessing = 0;
			shellPath = /bin/sh;
			shellScript = "\"${SRCROOT}/Pods/Target Support Files/Pods/Pods-resources.sh\"\n";
			showEnvVarsInLog = 0;
		};
		DB79B459F49EC47493B0D374 /* Check Pods Manifest.lock */ = {
			isa = PBXShellScriptBuildPhase;
			buildActionMask = 2147483647;
			files = (
			);
			inputPaths = (
			);
			name = "Check Pods Manifest.lock";
			outputPaths = (
			);
			runOnlyForDeploymentPostprocessing = 0;
			shellPath = /bin/sh;
			shellScript = "diff \"${PODS_ROOT}/../Podfile.lock\" \"${PODS_ROOT}/Manifest.lock\" > /dev/null\nif [[ $? != 0 ]] ; then\n    cat << EOM\nerror: The sandbox is not in sync with the Podfile.lock. Run 'pod install' or update your CocoaPods installation.\nEOM\n    exit 1\nfi\n";
			showEnvVarsInLog = 0;
		};
/* End PBXShellScriptBuildPhase section */

/* Begin PBXSourcesBuildPhase section */
		C706A7E31CF5FA1B007B0F90 /* Sources */ = {
			isa = PBXSourcesBuildPhase;
			buildActionMask = 2147483647;
			files = (
				C7CD8B411CFFB7860033E73A /* extensionDouble.swift in Sources */,
				C72501511CF99F8A004CA2E6 /* ImgUser.swift in Sources */,
				C72501611CF9A628004CA2E6 /* deviceExtension.swift in Sources */,
				C725015D1CF9A628004CA2E6 /* dateExtension.swift in Sources */,
				C72501491CF99F8A004CA2E6 /* Comentario.swift in Sources */,
				C72501551CF9A504004CA2E6 /* AGTSimpleCoreDataStack.m in Sources */,
				C72501621CF9A628004CA2E6 /* Reachability.swift in Sources */,
				C725014F1CF99F8A004CA2E6 /* Run.swift in Sources */,
				C706A7FD1CF5FC26007B0F90 /* FeedViewController.swift in Sources */,
				C725015E1CF9A628004CA2E6 /* extensionColor.swift in Sources */,
				C72501501CF99F8A004CA2E6 /* ImgUser+CoreDataProperties.swift in Sources */,
				C706A8021CF60051007B0F90 /* CellUser.swift in Sources */,
				C72501481CF99F8A004CA2E6 /* Comentario+CoreDataProperties.swift in Sources */,
				C725014D1CF99F8A004CA2E6 /* User.swift in Sources */,
				C725014E1CF99F8A004CA2E6 /* Run+CoreDataProperties.swift in Sources */,
				C7FDA98B1CF62C4C00005794 /* settings.swift in Sources */,
				C706A7EB1CF5FA1B007B0F90 /* AppDelegate.swift in Sources */,
				C725013D1CF9975B004CA2E6 /* modelosCoreData.xcdatamodeld in Sources */,
				C725015F1CF9A628004CA2E6 /* imageExtension.swift in Sources */,
				C72501641CF9A7FA004CA2E6 /* Enums.swift in Sources */,
				C7CD8B3E1CFF9ECA0033E73A /* CellCommentEmpty.swift in Sources */,
				C725014B1CF99F8A004CA2E6 /* ImgRun.swift in Sources */,
				C725014C1CF99F8A004CA2E6 /* User+CoreDataProperties.swift in Sources */,
				C7FDA99F1CF6490000005794 /* api.swift in Sources */,
				C7FDA98E1CF6331A00005794 /* CellLike.swift in Sources */,
				C725014A1CF99F8A004CA2E6 /* ImgRun+CoreDataProperties.swift in Sources */,
				C706A8131CF620F4007B0F90 /* CellDataRun.swift in Sources */,
				C72501601CF9A628004CA2E6 /* extensionImageView.swift in Sources */,
				C706A8171CF62631007B0F90 /* CellMap.swift in Sources */,
				C7FDA99B1CF63A1E00005794 /* CellComment.swift in Sources */,
			);
			runOnlyForDeploymentPostprocessing = 0;
		};
/* End PBXSourcesBuildPhase section */

/* Begin PBXVariantGroup section */
		C706A7EE1CF5FA1C007B0F90 /* LaunchScreen.storyboard */ = {
			isa = PBXVariantGroup;
			children = (
				C706A7EF1CF5FA1C007B0F90 /* Base */,
			);
			name = LaunchScreen.storyboard;
			sourceTree = "<group>";
		};
/* End PBXVariantGroup section */

/* Begin XCBuildConfiguration section */
		C706A7F21CF5FA1C007B0F90 /* Debug */ = {
			isa = XCBuildConfiguration;
			buildSettings = {
				ALWAYS_SEARCH_USER_PATHS = NO;
				CLANG_ANALYZER_NONNULL = YES;
				CLANG_CXX_LANGUAGE_STANDARD = "gnu++0x";
				CLANG_CXX_LIBRARY = "libc++";
				CLANG_ENABLE_MODULES = YES;
				CLANG_ENABLE_OBJC_ARC = YES;
				CLANG_WARN_BOOL_CONVERSION = YES;
				CLANG_WARN_CONSTANT_CONVERSION = YES;
				CLANG_WARN_DIRECT_OBJC_ISA_USAGE = YES_ERROR;
				CLANG_WARN_EMPTY_BODY = YES;
				CLANG_WARN_ENUM_CONVERSION = YES;
				CLANG_WARN_INT_CONVERSION = YES;
				CLANG_WARN_OBJC_ROOT_CLASS = YES_ERROR;
				CLANG_WARN_UNREACHABLE_CODE = YES;
				CLANG_WARN__DUPLICATE_METHOD_MATCH = YES;
				"CODE_SIGN_IDENTITY[sdk=iphoneos*]" = "iPhone Developer";
				COPY_PHASE_STRIP = NO;
				DEBUG_INFORMATION_FORMAT = dwarf;
				ENABLE_STRICT_OBJC_MSGSEND = YES;
				ENABLE_TESTABILITY = YES;
				GCC_C_LANGUAGE_STANDARD = gnu99;
				GCC_DYNAMIC_NO_PIC = NO;
				GCC_NO_COMMON_BLOCKS = YES;
				GCC_OPTIMIZATION_LEVEL = 0;
				GCC_PREPROCESSOR_DEFINITIONS = (
					"DEBUG=1",
					"$(inherited)",
				);
				GCC_WARN_64_TO_32_BIT_CONVERSION = YES;
				GCC_WARN_ABOUT_RETURN_TYPE = YES_ERROR;
				GCC_WARN_UNDECLARED_SELECTOR = YES;
				GCC_WARN_UNINITIALIZED_AUTOS = YES_AGGRESSIVE;
				GCC_WARN_UNUSED_FUNCTION = YES;
				GCC_WARN_UNUSED_VARIABLE = YES;
				IPHONEOS_DEPLOYMENT_TARGET = 9.3;
				MTL_ENABLE_DEBUG_INFO = YES;
				ONLY_ACTIVE_ARCH = YES;
				SDKROOT = iphoneos;
				SWIFT_OPTIMIZATION_LEVEL = "-Onone";
			};
			name = Debug;
		};
		C706A7F31CF5FA1C007B0F90 /* Release */ = {
			isa = XCBuildConfiguration;
			buildSettings = {
				ALWAYS_SEARCH_USER_PATHS = NO;
				CLANG_ANALYZER_NONNULL = YES;
				CLANG_CXX_LANGUAGE_STANDARD = "gnu++0x";
				CLANG_CXX_LIBRARY = "libc++";
				CLANG_ENABLE_MODULES = YES;
				CLANG_ENABLE_OBJC_ARC = YES;
				CLANG_WARN_BOOL_CONVERSION = YES;
				CLANG_WARN_CONSTANT_CONVERSION = YES;
				CLANG_WARN_DIRECT_OBJC_ISA_USAGE = YES_ERROR;
				CLANG_WARN_EMPTY_BODY = YES;
				CLANG_WARN_ENUM_CONVERSION = YES;
				CLANG_WARN_INT_CONVERSION = YES;
				CLANG_WARN_OBJC_ROOT_CLASS = YES_ERROR;
				CLANG_WARN_UNREACHABLE_CODE = YES;
				CLANG_WARN__DUPLICATE_METHOD_MATCH = YES;
				"CODE_SIGN_IDENTITY[sdk=iphoneos*]" = "iPhone Developer";
				COPY_PHASE_STRIP = NO;
				DEBUG_INFORMATION_FORMAT = "dwarf-with-dsym";
				ENABLE_NS_ASSERTIONS = NO;
				ENABLE_STRICT_OBJC_MSGSEND = YES;
				GCC_C_LANGUAGE_STANDARD = gnu99;
				GCC_NO_COMMON_BLOCKS = YES;
				GCC_WARN_64_TO_32_BIT_CONVERSION = YES;
				GCC_WARN_ABOUT_RETURN_TYPE = YES_ERROR;
				GCC_WARN_UNDECLARED_SELECTOR = YES;
				GCC_WARN_UNINITIALIZED_AUTOS = YES_AGGRESSIVE;
				GCC_WARN_UNUSED_FUNCTION = YES;
				GCC_WARN_UNUSED_VARIABLE = YES;
				IPHONEOS_DEPLOYMENT_TARGET = 9.3;
				MTL_ENABLE_DEBUG_INFO = NO;
				SDKROOT = iphoneos;
				VALIDATE_PRODUCT = YES;
			};
			name = Release;
		};
		C706A7F51CF5FA1C007B0F90 /* Debug */ = {
			isa = XCBuildConfiguration;
			baseConfigurationReference = DA4B1A99C2AD4FB2A832C0E6 /* Pods.debug.xcconfig */;
			buildSettings = {
				ASSETCATALOG_COMPILER_APPICON_NAME = AppIcon;
				CLANG_ENABLE_MODULES = YES;
				CODE_SIGN_IDENTITY = "iPhone Developer";
				"CODE_SIGN_IDENTITY[sdk=iphoneos*]" = "iPhone Developer";
				INFOPLIST_FILE = Runsfeed/Info.plist;
				LD_RUNPATH_SEARCH_PATHS = "$(inherited) @executable_path/Frameworks";
				PRODUCT_BUNDLE_IDENTIFIER = com.runator.Runsfeed;
				PRODUCT_NAME = "$(TARGET_NAME)";
				PROVISIONING_PROFILE = "";
				SWIFT_OBJC_BRIDGING_HEADER = "Runsfeed/Runsfeed-Bridging-Header.h";
				SWIFT_OPTIMIZATION_LEVEL = "-Onone";
			};
			name = Debug;
		};
		C706A7F61CF5FA1C007B0F90 /* Release */ = {
			isa = XCBuildConfiguration;
			baseConfigurationReference = 8736F2013544A84CF5E96808 /* Pods.release.xcconfig */;
			buildSettings = {
				ASSETCATALOG_COMPILER_APPICON_NAME = AppIcon;
				CLANG_ENABLE_MODULES = YES;
				CODE_SIGN_IDENTITY = "iPhone Developer";
				"CODE_SIGN_IDENTITY[sdk=iphoneos*]" = "iPhone Developer";
				INFOPLIST_FILE = Runsfeed/Info.plist;
				LD_RUNPATH_SEARCH_PATHS = "$(inherited) @executable_path/Frameworks";
				PRODUCT_BUNDLE_IDENTIFIER = com.runator.Runsfeed;
				PRODUCT_NAME = "$(TARGET_NAME)";
				PROVISIONING_PROFILE = "";
				SWIFT_OBJC_BRIDGING_HEADER = "Runsfeed/Runsfeed-Bridging-Header.h";
			};
			name = Release;
		};
/* End XCBuildConfiguration section */

/* Begin XCConfigurationList section */
		C706A7E21CF5FA1B007B0F90 /* Build configuration list for PBXProject "Runsfeed" */ = {
			isa = XCConfigurationList;
			buildConfigurations = (
				C706A7F21CF5FA1C007B0F90 /* Debug */,
				C706A7F31CF5FA1C007B0F90 /* Release */,
			);
			defaultConfigurationIsVisible = 0;
			defaultConfigurationName = Release;
		};
		C706A7F41CF5FA1C007B0F90 /* Build configuration list for PBXNativeTarget "Runsfeed" */ = {
			isa = XCConfigurationList;
			buildConfigurations = (
				C706A7F51CF5FA1C007B0F90 /* Debug */,
				C706A7F61CF5FA1C007B0F90 /* Release */,
			);
			defaultConfigurationIsVisible = 0;
			defaultConfigurationName = Release;
		};
/* End XCConfigurationList section */

/* Begin XCVersionGroup section */
		C725013B1CF9975B004CA2E6 /* modelosCoreData.xcdatamodeld */ = {
			isa = XCVersionGroup;
			children = (
				C725013C1CF9975B004CA2E6 /* modelosCoreData.xcdatamodel */,
			);
			currentVersion = C725013C1CF9975B004CA2E6 /* modelosCoreData.xcdatamodel */;
			path = modelosCoreData.xcdatamodeld;
			sourceTree = "<group>";
			versionGroupType = wrapper.xcdatamodel;
		};
/* End XCVersionGroup section */
	};
	rootObject = C706A7DF1CF5FA1B007B0F90 /* Project object */;
}
